// !$*UTF8*$!
{
	archiveVersion = 1;
	classes = {
	};
	objectVersion = 56;
	objects = {

/* Begin PBXBuildFile section */
		3F044D342B705511007ABC24 /* AppDelegate.swift in Sources */ = {isa = PBXBuildFile; fileRef = 3F044D332B705511007ABC24 /* AppDelegate.swift */; };
		3F044D362B705511007ABC24 /* SceneDelegate.swift in Sources */ = {isa = PBXBuildFile; fileRef = 3F044D352B705511007ABC24 /* SceneDelegate.swift */; };
		3F044D382B705511007ABC24 /* ViewController.swift in Sources */ = {isa = PBXBuildFile; fileRef = 3F044D372B705511007ABC24 /* ViewController.swift */; };
		3F044D3B2B705511007ABC24 /* Main.storyboard in Resources */ = {isa = PBXBuildFile; fileRef = 3F044D392B705511007ABC24 /* Main.storyboard */; };
		3F044D3D2B705512007ABC24 /* Assets.xcassets in Resources */ = {isa = PBXBuildFile; fileRef = 3F044D3C2B705512007ABC24 /* Assets.xcassets */; };
		3F044D402B705512007ABC24 /* LaunchScreen.storyboard in Resources */ = {isa = PBXBuildFile; fileRef = 3F044D3E2B705512007ABC24 /* LaunchScreen.storyboard */; };
		3F044D4B2B705512007ABC24 /* Exercise4Tests.swift in Sources */ = {isa = PBXBuildFile; fileRef = 3F044D4A2B705512007ABC24 /* Exercise4Tests.swift */; };
		3F044D552B705512007ABC24 /* Exercise4UITests.swift in Sources */ = {isa = PBXBuildFile; fileRef = 3F044D542B705512007ABC24 /* Exercise4UITests.swift */; };
		3F044D572B705512007ABC24 /* Exercise4UITestsLaunchTests.swift in Sources */ = {isa = PBXBuildFile; fileRef = 3F044D562B705512007ABC24 /* Exercise4UITestsLaunchTests.swift */; };
/* End PBXBuildFile section */

/* Begin PBXContainerItemProxy section */
		3F044D472B705512007ABC24 /* PBXContainerItemProxy */ = {
			isa = PBXContainerItemProxy;
			containerPortal = 3F044D282B705511007ABC24 /* Project object */;
			proxyType = 1;
			remoteGlobalIDString = 3F044D2F2B705511007ABC24;
			remoteInfo = Exercise4;
		};
		3F044D512B705512007ABC24 /* PBXContainerItemProxy */ = {
			isa = PBXContainerItemProxy;
			containerPortal = 3F044D282B705511007ABC24 /* Project object */;
			proxyType = 1;
			remoteGlobalIDString = 3F044D2F2B705511007ABC24;
			remoteInfo = Exercise4;
		};
/* End PBXContainerItemProxy section */

/* Begin PBXFileReference section */
		3F044D302B705511007ABC24 /* Exercise4.app */ = {isa = PBXFileReference; explicitFileType = wrapper.application; includeInIndex = 0; path = Exercise4.app; sourceTree = BUILT_PRODUCTS_DIR; };
		3F044D332B705511007ABC24 /* AppDelegate.swift */ = {isa = PBXFileReference; lastKnownFileType = sourcecode.swift; path = AppDelegate.swift; sourceTree = "<group>"; };
		3F044D352B705511007ABC24 /* SceneDelegate.swift */ = {isa = PBXFileReference; lastKnownFileType = sourcecode.swift; path = SceneDelegate.swift; sourceTree = "<group>"; };
		3F044D372B705511007ABC24 /* ViewController.swift */ = {isa = PBXFileReference; lastKnownFileType = sourcecode.swift; path = ViewController.swift; sourceTree = "<group>"; };
		3F044D3A2B705511007ABC24 /* Base */ = {isa = PBXFileReference; lastKnownFileType = file.storyboard; name = Base; path = Base.lproj/Main.storyboard; sourceTree = "<group>"; };
		3F044D3C2B705512007ABC24 /* Assets.xcassets */ = {isa = PBXFileReference; lastKnownFileType = folder.assetcatalog; path = Assets.xcassets; sourceTree = "<group>"; };
		3F044D3F2B705512007ABC24 /* Base */ = {isa = PBXFileReference; lastKnownFileType = file.storyboard; name = Base; path = Base.lproj/LaunchScreen.storyboard; sourceTree = "<group>"; };
		3F044D412B705512007ABC24 /* Info.plist */ = {isa = PBXFileReference; lastKnownFileType = text.plist.xml; path = Info.plist; sourceTree = "<group>"; };
		3F044D462B705512007ABC24 /* Exercise4Tests.xctest */ = {isa = PBXFileReference; explicitFileType = wrapper.cfbundle; includeInIndex = 0; path = Exercise4Tests.xctest; sourceTree = BUILT_PRODUCTS_DIR; };
		3F044D4A2B705512007ABC24 /* Exercise4Tests.swift */ = {isa = PBXFileReference; lastKnownFileType = sourcecode.swift; path = Exercise4Tests.swift; sourceTree = "<group>"; };
		3F044D502B705512007ABC24 /* Exercise4UITests.xctest */ = {isa = PBXFileReference; explicitFileType = wrapper.cfbundle; includeInIndex = 0; path = Exercise4UITests.xctest; sourceTree = BUILT_PRODUCTS_DIR; };
		3F044D542B705512007ABC24 /* Exercise4UITests.swift */ = {isa = PBXFileReference; lastKnownFileType = sourcecode.swift; path = Exercise4UITests.swift; sourceTree = "<group>"; };
		3F044D562B705512007ABC24 /* Exercise4UITestsLaunchTests.swift */ = {isa = PBXFileReference; lastKnownFileType = sourcecode.swift; path = Exercise4UITestsLaunchTests.swift; sourceTree = "<group>"; };
/* End PBXFileReference section */

/* Begin PBXFrameworksBuildPhase section */
		3F044D2D2B705511007ABC24 /* Frameworks */ = {
			isa = PBXFrameworksBuildPhase;
			buildActionMask = 2147483647;
			files = (
			);
			runOnlyForDeploymentPostprocessing = 0;
		};
		3F044D432B705512007ABC24 /* Frameworks */ = {
			isa = PBXFrameworksBuildPhase;
			buildActionMask = 2147483647;
			files = (
			);
			runOnlyForDeploymentPostprocessing = 0;
		};
		3F044D4D2B705512007ABC24 /* Frameworks */ = {
			isa = PBXFrameworksBuildPhase;
			buildActionMask = 2147483647;
			files = (
			);
			runOnlyForDeploymentPostprocessing = 0;
		};
/* End PBXFrameworksBuildPhase section */

/* Begin PBXGroup section */
		3F044D272B705511007ABC24 = {
			isa = PBXGroup;
			children = (
				3F044D322B705511007ABC24 /* Exercise4 */,
				3F044D492B705512007ABC24 /* Exercise4Tests */,
				3F044D532B705512007ABC24 /* Exercise4UITests */,
				3F044D312B705511007ABC24 /* Products */,
			);
			sourceTree = "<group>";
		};
		3F044D312B705511007ABC24 /* Products */ = {
			isa = PBXGroup;
			children = (
				3F044D302B705511007ABC24 /* Exercise4.app */,
				3F044D462B705512007ABC24 /* Exercise4Tests.xctest */,
				3F044D502B705512007ABC24 /* Exercise4UITests.xctest */,
			);
			name = Products;
			sourceTree = "<group>";
		};
		3F044D322B705511007ABC24 /* Exercise4 */ = {
			isa = PBXGroup;
			children = (
				3F044D332B705511007ABC24 /* AppDelegate.swift */,
				3F044D352B705511007ABC24 /* SceneDelegate.swift */,
				3F044D372B705511007ABC24 /* ViewController.swift */,
				3F044D392B705511007ABC24 /* Main.storyboard */,
				3F044D3C2B705512007ABC24 /* Assets.xcassets */,
				3F044D3E2B705512007ABC24 /* LaunchScreen.storyboard */,
				3F044D412B705512007ABC24 /* Info.plist */,
			);
			path = Exercise4;
			sourceTree = "<group>";
		};
		3F044D492B705512007ABC24 /* Exercise4Tests */ = {
			isa = PBXGroup;
			children = (
				3F044D4A2B705512007ABC24 /* Exercise4Tests.swift */,
			);
			path = Exercise4Tests;
			sourceTree = "<group>";
		};
		3F044D532B705512007ABC24 /* Exercise4UITests */ = {
			isa = PBXGroup;
			children = (
				3F044D542B705512007ABC24 /* Exercise4UITests.swift */,
				3F044D562B705512007ABC24 /* Exercise4UITestsLaunchTests.swift */,
			);
			path = Exercise4UITests;
			sourceTree = "<group>";
		};
/* End PBXGroup section */

/* Begin PBXNativeTarget section */
		3F044D2F2B705511007ABC24 /* Exercise4 */ = {
			isa = PBXNativeTarget;
			buildConfigurationList = 3F044D5A2B705512007ABC24 /* Build configuration list for PBXNativeTarget "Exercise4" */;
			buildPhases = (
				3F044D2C2B705511007ABC24 /* Sources */,
				3F044D2D2B705511007ABC24 /* Frameworks */,
				3F044D2E2B705511007ABC24 /* Resources */,
			);
			buildRules = (
			);
			dependencies = (
			);
			name = Exercise4;
			productName = Exercise4;
			productReference = 3F044D302B705511007ABC24 /* Exercise4.app */;
			productType = "com.apple.product-type.application";
		};
		3F044D452B705512007ABC24 /* Exercise4Tests */ = {
			isa = PBXNativeTarget;
			buildConfigurationList = 3F044D5D2B705512007ABC24 /* Build configuration list for PBXNativeTarget "Exercise4Tests" */;
			buildPhases = (
				3F044D422B705512007ABC24 /* Sources */,
				3F044D432B705512007ABC24 /* Frameworks */,
				3F044D442B705512007ABC24 /* Resources */,
			);
			buildRules = (
			);
			dependencies = (
				3F044D482B705512007ABC24 /* PBXTargetDependency */,
			);
			name = Exercise4Tests;
			productName = Exercise4Tests;
			productReference = 3F044D462B705512007ABC24 /* Exercise4Tests.xctest */;
			productType = "com.apple.product-type.bundle.unit-test";
		};
		3F044D4F2B705512007ABC24 /* Exercise4UITests */ = {
			isa = PBXNativeTarget;
			buildConfigurationList = 3F044D602B705512007ABC24 /* Build configuration list for PBXNativeTarget "Exercise4UITests" */;
			buildPhases = (
				3F044D4C2B705512007ABC24 /* Sources */,
				3F044D4D2B705512007ABC24 /* Frameworks */,
				3F044D4E2B705512007ABC24 /* Resources */,
			);
			buildRules = (
			);
			dependencies = (
				3F044D522B705512007ABC24 /* PBXTargetDependency */,
			);
			name = Exercise4UITests;
			productName = Exercise4UITests;
			productReference = 3F044D502B705512007ABC24 /* Exercise4UITests.xctest */;
			productType = "com.apple.product-type.bundle.ui-testing";
		};
/* End PBXNativeTarget section */

/* Begin PBXProject section */
		3F044D282B705511007ABC24 /* Project object */ = {
			isa = PBXProject;
			attributes = {
				BuildIndependentTargetsInParallel = 1;
				LastSwiftUpdateCheck = 1420;
				LastUpgradeCheck = 1420;
				TargetAttributes = {
					3F044D2F2B705511007ABC24 = {
						CreatedOnToolsVersion = 14.2;
					};
					3F044D452B705512007ABC24 = {
						CreatedOnToolsVersion = 14.2;
						TestTargetID = 3F044D2F2B705511007ABC24;
					};
					3F044D4F2B705512007ABC24 = {
						CreatedOnToolsVersion = 14.2;
						TestTargetID = 3F044D2F2B705511007ABC24;
					};
				};
			};
			buildConfigurationList = 3F044D2B2B705511007ABC24 /* Build configuration list for PBXProject "Exercise4" */;
			compatibilityVersion = "Xcode 14.0";
			developmentRegion = en;
			hasScannedForEncodings = 0;
			knownRegions = (
				en,
				Base,
			);
			mainGroup = 3F044D272B705511007ABC24;
			productRefGroup = 3F044D312B705511007ABC24 /* Products */;
			projectDirPath = "";
			projectRoot = "";
			targets = (
				3F044D2F2B705511007ABC24 /* Exercise4 */,
				3F044D452B705512007ABC24 /* Exercise4Tests */,
				3F044D4F2B705512007ABC24 /* Exercise4UITests */,
			);
		};
/* End PBXProject section */

/* Begin PBXResourcesBuildPhase section */
		3F044D2E2B705511007ABC24 /* Resources */ = {
			isa = PBXResourcesBuildPhase;
			buildActionMask = 2147483647;
			files = (
				3F044D402B705512007ABC24 /* LaunchScreen.storyboard in Resources */,
				3F044D3D2B705512007ABC24 /* Assets.xcassets in Resources */,
				3F044D3B2B705511007ABC24 /* Main.storyboard in Resources */,
			);
			runOnlyForDeploymentPostprocessing = 0;
		};
		3F044D442B705512007ABC24 /* Resources */ = {
			isa = PBXResourcesBuildPhase;
			buildActionMask = 2147483647;
			files = (
			);
			runOnlyForDeploymentPostprocessing = 0;
		};
		3F044D4E2B705512007ABC24 /* Resources */ = {
			isa = PBXResourcesBuildPhase;
			buildActionMask = 2147483647;
			files = (
			);
			runOnlyForDeploymentPostprocessing = 0;
		};
/* End PBXResourcesBuildPhase section */

/* Begin PBXSourcesBuildPhase section */
		3F044D2C2B705511007ABC24 /* Sources */ = {
			isa = PBXSourcesBuildPhase;
			buildActionMask = 2147483647;
			files = (
				3F044D382B705511007ABC24 /* ViewController.swift in Sources */,
				3F044D342B705511007ABC24 /* AppDelegate.swift in Sources */,
				3F044D362B705511007ABC24 /* SceneDelegate.swift in Sources */,
			);
			runOnlyForDeploymentPostprocessing = 0;
		};
		3F044D422B705512007ABC24 /* Sources */ = {
			isa = PBXSourcesBuildPhase;
			buildActionMask = 2147483647;
			files = (
				3F044D4B2B705512007ABC24 /* Exercise4Tests.swift in Sources */,
			);
			runOnlyForDeploymentPostprocessing = 0;
		};
		3F044D4C2B705512007ABC24 /* Sources */ = {
			isa = PBXSourcesBuildPhase;
			buildActionMask = 2147483647;
			files = (
				3F044D552B705512007ABC24 /* Exercise4UITests.swift in Sources */,
				3F044D572B705512007ABC24 /* Exercise4UITestsLaunchTests.swift in Sources */,
			);
			runOnlyForDeploymentPostprocessing = 0;
		};
/* End PBXSourcesBuildPhase section */

/* Begin PBXTargetDependency section */
		3F044D482B705512007ABC24 /* PBXTargetDependency */ = {
			isa = PBXTargetDependency;
			target = 3F044D2F2B705511007ABC24 /* Exercise4 */;
			targetProxy = 3F044D472B705512007ABC24 /* PBXContainerItemProxy */;
		};
		3F044D522B705512007ABC24 /* PBXTargetDependency */ = {
			isa = PBXTargetDependency;
			target = 3F044D2F2B705511007ABC24 /* Exercise4 */;
			targetProxy = 3F044D512B705512007ABC24 /* PBXContainerItemProxy */;
		};
/* End PBXTargetDependency section */

/* Begin PBXVariantGroup section */
		3F044D392B705511007ABC24 /* Main.storyboard */ = {
			isa = PBXVariantGroup;
			children = (
				3F044D3A2B705511007ABC24 /* Base */,
			);
			name = Main.storyboard;
			sourceTree = "<group>";
		};
		3F044D3E2B705512007ABC24 /* LaunchScreen.storyboard */ = {
			isa = PBXVariantGroup;
			children = (
				3F044D3F2B705512007ABC24 /* Base */,
			);
			name = LaunchScreen.storyboard;
			sourceTree = "<group>";
		};
/* End PBXVariantGroup section */

/* Begin XCBuildConfiguration section */
		3F044D582B705512007ABC24 /* Debug */ = {
			isa = XCBuildConfiguration;
			buildSettings = {
				ALWAYS_SEARCH_USER_PATHS = NO;
				CLANG_ANALYZER_NONNULL = YES;
				CLANG_ANALYZER_NUMBER_OBJECT_CONVERSION = YES_AGGRESSIVE;
				CLANG_CXX_LANGUAGE_STANDARD = "gnu++20";
				CLANG_ENABLE_MODULES = YES;
				CLANG_ENABLE_OBJC_ARC = YES;
				CLANG_ENABLE_OBJC_WEAK = YES;
				CLANG_WARN_BLOCK_CAPTURE_AUTORELEASING = YES;
				CLANG_WARN_BOOL_CONVERSION = YES;
				CLANG_WARN_COMMA = YES;
				CLANG_WARN_CONSTANT_CONVERSION = YES;
				CLANG_WARN_DEPRECATED_OBJC_IMPLEMENTATIONS = YES;
				CLANG_WARN_DIRECT_OBJC_ISA_USAGE = YES_ERROR;
				CLANG_WARN_DOCUMENTATION_COMMENTS = YES;
				CLANG_WARN_EMPTY_BODY = YES;
				CLANG_WARN_ENUM_CONVERSION = YES;
				CLANG_WARN_INFINITE_RECURSION = YES;
				CLANG_WARN_INT_CONVERSION = YES;
				CLANG_WARN_NON_LITERAL_NULL_CONVERSION = YES;
				CLANG_WARN_OBJC_IMPLICIT_RETAIN_SELF = YES;
				CLANG_WARN_OBJC_LITERAL_CONVERSION = YES;
				CLANG_WARN_OBJC_ROOT_CLASS = YES_ERROR;
				CLANG_WARN_QUOTED_INCLUDE_IN_FRAMEWORK_HEADER = YES;
				CLANG_WARN_RANGE_LOOP_ANALYSIS = YES;
				CLANG_WARN_STRICT_PROTOTYPES = YES;
				CLANG_WARN_SUSPICIOUS_MOVE = YES;
				CLANG_WARN_UNGUARDED_AVAILABILITY = YES_AGGRESSIVE;
				CLANG_WARN_UNREACHABLE_CODE = YES;
				CLANG_WARN__DUPLICATE_METHOD_MATCH = YES;
				COPY_PHASE_STRIP = NO;
				DEBUG_INFORMATION_FORMAT = dwarf;
				ENABLE_STRICT_OBJC_MSGSEND = YES;
				ENABLE_TESTABILITY = YES;
				GCC_C_LANGUAGE_STANDARD = gnu11;
				GCC_DYNAMIC_NO_PIC = NO;
				GCC_NO_COMMON_BLOCKS = YES;
				GCC_OPTIMIZATION_LEVEL = 0;
				GCC_PREPROCESSOR_DEFINITIONS = (
					"DEBUG=1",
					"$(inherited)",
				);
				GCC_WARN_64_TO_32_BIT_CONVERSION = YES;
				GCC_WARN_ABOUT_RETURN_TYPE = YES_ERROR;
				GCC_WARN_UNDECLARED_SELECTOR = YES;
				GCC_WARN_UNINITIALIZED_AUTOS = YES_AGGRESSIVE;
				GCC_WARN_UNUSED_FUNCTION = YES;
				GCC_WARN_UNUSED_VARIABLE = YES;
				IPHONEOS_DEPLOYMENT_TARGET = 16.2;
				MTL_ENABLE_DEBUG_INFO = INCLUDE_SOURCE;
				MTL_FAST_MATH = YES;
				ONLY_ACTIVE_ARCH = YES;
				SDKROOT = iphoneos;
				SWIFT_ACTIVE_COMPILATION_CONDITIONS = DEBUG;
				SWIFT_OPTIMIZATION_LEVEL = "-Onone";
			};
			name = Debug;
		};
		3F044D592B705512007ABC24 /* Release */ = {
			isa = XCBuildConfiguration;
			buildSettings = {
				ALWAYS_SEARCH_USER_PATHS = NO;
				CLANG_ANALYZER_NONNULL = YES;
				CLANG_ANALYZER_NUMBER_OBJECT_CONVERSION = YES_AGGRESSIVE;
				CLANG_CXX_LANGUAGE_STANDARD = "gnu++20";
				CLANG_ENABLE_MODULES = YES;
				CLANG_ENABLE_OBJC_ARC = YES;
				CLANG_ENABLE_OBJC_WEAK = YES;
				CLANG_WARN_BLOCK_CAPTURE_AUTORELEASING = YES;
				CLANG_WARN_BOOL_CONVERSION = YES;
				CLANG_WARN_COMMA = YES;
				CLANG_WARN_CONSTANT_CONVERSION = YES;
				CLANG_WARN_DEPRECATED_OBJC_IMPLEMENTATIONS = YES;
				CLANG_WARN_DIRECT_OBJC_ISA_USAGE = YES_ERROR;
				CLANG_WARN_DOCUMENTATION_COMMENTS = YES;
				CLANG_WARN_EMPTY_BODY = YES;
				CLANG_WARN_ENUM_CONVERSION = YES;
				CLANG_WARN_INFINITE_RECURSION = YES;
				CLANG_WARN_INT_CONVERSION = YES;
				CLANG_WARN_NON_LITERAL_NULL_CONVERSION = YES;
				CLANG_WARN_OBJC_IMPLICIT_RETAIN_SELF = YES;
				CLANG_WARN_OBJC_LITERAL_CONVERSION = YES;
				CLANG_WARN_OBJC_ROOT_CLASS = YES_ERROR;
				CLANG_WARN_QUOTED_INCLUDE_IN_FRAMEWORK_HEADER = YES;
				CLANG_WARN_RANGE_LOOP_ANALYSIS = YES;
				CLANG_WARN_STRICT_PROTOTYPES = YES;
				CLANG_WARN_SUSPICIOUS_MOVE = YES;
				CLANG_WARN_UNGUARDED_AVAILABILITY = YES_AGGRESSIVE;
				CLANG_WARN_UNREACHABLE_CODE = YES;
				CLANG_WARN__DUPLICATE_METHOD_MATCH = YES;
				COPY_PHASE_STRIP = NO;
				DEBUG_INFORMATION_FORMAT = "dwarf-with-dsym";
				ENABLE_NS_ASSERTIONS = NO;
				ENABLE_STRICT_OBJC_MSGSEND = YES;
				GCC_C_LANGUAGE_STANDARD = gnu11;
				GCC_NO_COMMON_BLOCKS = YES;
				GCC_WARN_64_TO_32_BIT_CONVERSION = YES;
				GCC_WARN_ABOUT_RETURN_TYPE = YES_ERROR;
				GCC_WARN_UNDECLARED_SELECTOR = YES;
				GCC_WARN_UNINITIALIZED_AUTOS = YES_AGGRESSIVE;
				GCC_WARN_UNUSED_FUNCTION = YES;
				GCC_WARN_UNUSED_VARIABLE = YES;
				IPHONEOS_DEPLOYMENT_TARGET = 16.2;
				MTL_ENABLE_DEBUG_INFO = NO;
				MTL_FAST_MATH = YES;
				SDKROOT = iphoneos;
				SWIFT_COMPILATION_MODE = wholemodule;
				SWIFT_OPTIMIZATION_LEVEL = "-O";
				VALIDATE_PRODUCT = YES;
			};
			name = Release;
		};
		3F044D5B2B705512007ABC24 /* Debug */ = {
			isa = XCBuildConfiguration;
			buildSettings = {
				ASSETCATALOG_COMPILER_APPICON_NAME = AppIcon;
				ASSETCATALOG_COMPILER_GLOBAL_ACCENT_COLOR_NAME = AccentColor;
				CODE_SIGN_STYLE = Automatic;
				CURRENT_PROJECT_VERSION = 1;
				GENERATE_INFOPLIST_FILE = YES;
				INFOPLIST_FILE = Exercise4/Info.plist;
				INFOPLIST_KEY_UIApplicationSupportsIndirectInputEvents = YES;
				INFOPLIST_KEY_UILaunchStoryboardName = LaunchScreen;
				INFOPLIST_KEY_UIMainStoryboardFile = Main;
				INFOPLIST_KEY_UISupportedInterfaceOrientations_iPad = "UIInterfaceOrientationPortrait UIInterfaceOrientationPortraitUpsideDown UIInterfaceOrientationLandscapeLeft UIInterfaceOrientationLandscapeRight";
				INFOPLIST_KEY_UISupportedInterfaceOrientations_iPhone = "UIInterfaceOrientationPortrait UIInterfaceOrientationLandscapeLeft UIInterfaceOrientationLandscapeRight";
				LD_RUNPATH_SEARCH_PATHS = (
					"$(inherited)",
					"@executable_path/Frameworks",
				);
				MARKETING_VERSION = 1.0;
				PRODUCT_BUNDLE_IDENTIFIER = com.project.Exercise4;
				PRODUCT_NAME = "$(TARGET_NAME)";
				SWIFT_EMIT_LOC_STRINGS = YES;
				SWIFT_VERSION = 5.0;
				TARGETED_DEVICE_FAMILY = "1,2";
			};
			name = Debug;
		};
		3F044D5C2B705512007ABC24 /* Release */ = {
			isa = XCBuildConfiguration;
			buildSettings = {
				ASSETCATALOG_COMPILER_APPICON_NAME = AppIcon;
				ASSETCATALOG_COMPILER_GLOBAL_ACCENT_COLOR_NAME = AccentColor;
				CODE_SIGN_STYLE = Automatic;
				CURRENT_PROJECT_VERSION = 1;
				GENERATE_INFOPLIST_FILE = YES;
				INFOPLIST_FILE = Exercise4/Info.plist;
				INFOPLIST_KEY_UIApplicationSupportsIndirectInputEvents = YES;
				INFOPLIST_KEY_UILaunchStoryboardName = LaunchScreen;
				INFOPLIST_KEY_UIMainStoryboardFile = Main;
				INFOPLIST_KEY_UISupportedInterfaceOrientations_iPad = "UIInterfaceOrientationPortrait UIInterfaceOrientationPortraitUpsideDown UIInterfaceOrientationLandscapeLeft UIInterfaceOrientationLandscapeRight";
				INFOPLIST_KEY_UISupportedInterfaceOrientations_iPhone = "UIInterfaceOrientationPortrait UIInterfaceOrientationLandscapeLeft UIInterfaceOrientationLandscapeRight";
				LD_RUNPATH_SEARCH_PATHS = (
					"$(inherited)",
					"@executable_path/Frameworks",
				);
				MARKETING_VERSION = 1.0;
				PRODUCT_BUNDLE_IDENTIFIER = com.project.Exercise4;
				PRODUCT_NAME = "$(TARGET_NAME)";
				SWIFT_EMIT_LOC_STRINGS = YES;
				SWIFT_VERSION = 5.0;
				TARGETED_DEVICE_FAMILY = "1,2";
			};
			name = Release;
		};
		3F044D5E2B705512007ABC24 /* Debug */ = {
			isa = XCBuildConfiguration;
			buildSettings = {
				ALWAYS_EMBED_SWIFT_STANDARD_LIBRARIES = YES;
				BUNDLE_LOADER = "$(TEST_HOST)";
				CODE_SIGN_STYLE = Automatic;
				CURRENT_PROJECT_VERSION = 1;
				GENERATE_INFOPLIST_FILE = YES;
				IPHONEOS_DEPLOYMENT_TARGET = 16.2;
				MARKETING_VERSION = 1.0;
				PRODUCT_BUNDLE_IDENTIFIER = com.project.Exercise4Tests;
				PRODUCT_NAME = "$(TARGET_NAME)";
				SWIFT_EMIT_LOC_STRINGS = NO;
				SWIFT_VERSION = 5.0;
				TARGETED_DEVICE_FAMILY = "1,2";
				TEST_HOST = "$(BUILT_PRODUCTS_DIR)/Exercise4.app/$(BUNDLE_EXECUTABLE_FOLDER_PATH)/Exercise4";
			};
			name = Debug;
		};
		3F044D5F2B705512007ABC24 /* Release */ = {
			isa = XCBuildConfiguration;
			buildSettings = {
				ALWAYS_EMBED_SWIFT_STANDARD_LIBRARIES = YES;
				BUNDLE_LOADER = "$(TEST_HOST)";
				CODE_SIGN_STYLE = Automatic;
				CURRENT_PROJECT_VERSION = 1;
				GENERATE_INFOPLIST_FILE = YES;
				IPHONEOS_DEPLOYMENT_TARGET = 16.2;
				MARKETING_VERSION = 1.0;
				PRODUCT_BUNDLE_IDENTIFIER = com.project.Exercise4Tests;
				PRODUCT_NAME = "$(TARGET_NAME)";
				SWIFT_EMIT_LOC_STRINGS = NO;
				SWIFT_VERSION = 5.0;
				TARGETED_DEVICE_FAMILY = "1,2";
				TEST_HOST = "$(BUILT_PRODUCTS_DIR)/Exercise4.app/$(BUNDLE_EXECUTABLE_FOLDER_PATH)/Exercise4";
			};
			name = Release;
		};
		3F044D612B705512007ABC24 /* Debug */ = {
			isa = XCBuildConfiguration;
			buildSettings = {
				ALWAYS_EMBED_SWIFT_STANDARD_LIBRARIES = YES;
				CODE_SIGN_STYLE = Automatic;
				CURRENT_PROJECT_VERSION = 1;
				GENERATE_INFOPLIST_FILE = YES;
				MARKETING_VERSION = 1.0;
				PRODUCT_BUNDLE_IDENTIFIER = com.project.Exercise4UITests;
				PRODUCT_NAME = "$(TARGET_NAME)";
				SWIFT_EMIT_LOC_STRINGS = NO;
				SWIFT_VERSION = 5.0;
				TARGETED_DEVICE_FAMILY = "1,2";
				TEST_TARGET_NAME = Exercise4;
			};
			name = Debug;
		};
		3F044D622B705512007ABC24 /* Release */ = {
			isa = XCBuildConfiguration;
			buildSettings = {
				ALWAYS_EMBED_SWIFT_STANDARD_LIBRARIES = YES;
				CODE_SIGN_STYLE = Automatic;
				CURRENT_PROJECT_VERSION = 1;
				GENERATE_INFOPLIST_FILE = YES;
				MARKETING_VERSION = 1.0;
				PRODUCT_BUNDLE_IDENTIFIER = com.project.Exercise4UITests;
				PRODUCT_NAME = "$(TARGET_NAME)";
				SWIFT_EMIT_LOC_STRINGS = NO;
				SWIFT_VERSION = 5.0;
				TARGETED_DEVICE_FAMILY = "1,2";
				TEST_TARGET_NAME = Exercise4;
			};
			name = Release;
		};
/* End XCBuildConfiguration section */

/* Begin XCConfigurationList section */
		3F044D2B2B705511007ABC24 /* Build configuration list for PBXProject "Exercise4" */ = {
			isa = XCConfigurationList;
			buildConfigurations = (
				3F044D582B705512007ABC24 /* Debug */,
				3F044D592B705512007ABC24 /* Release */,
			);
			defaultConfigurationIsVisible = 0;
			defaultConfigurationName = Release;
		};
		3F044D5A2B705512007ABC24 /* Build configuration list for PBXNativeTarget "Exercise4" */ = {
			isa = XCConfigurationList;
			buildConfigurations = (
				3F044D5B2B705512007ABC24 /* Debug */,
				3F044D5C2B705512007ABC24 /* Release */,
			);
			defaultConfigurationIsVisible = 0;
			defaultConfigurationName = Release;
		};
		3F044D5D2B705512007ABC24 /* Build configuration list for PBXNativeTarget "Exercise4Tests" */ = {
			isa = XCConfigurationList;
			buildConfigurations = (
				3F044D5E2B705512007ABC24 /* Debug */,
				3F044D5F2B705512007ABC24 /* Release */,
			);
			defaultConfigurationIsVisible = 0;
			defaultConfigurationName = Release;
		};
		3F044D602B705512007ABC24 /* Build configuration list for PBXNativeTarget "Exercise4UITests" */ = {
			isa = XCConfigurationList;
			buildConfigurations = (
				3F044D612B705512007ABC24 /* Debug */,
				3F044D622B705512007ABC24 /* Release */,
			);
			defaultConfigurationIsVisible = 0;
			defaultConfigurationName = Release;
		};
/* End XCConfigurationList section */
	};
	rootObject = 3F044D282B705511007ABC24 /* Project object */;
}
